
Microsoft Visual Studio Solution File, Format Version 12.00
# Visual Studio Version 17
VisualStudioVersion = 17.4.33110.190
MinimumVisualStudioVersion = 10.0.40219.1
Project("{FAE04EC0-301F-11D3-BF4B-00C04F79EFBC}") = "SixLetterWordChallenge.Cons", "SixLetterWordChallenge.Cons\SixLetterWordChallenge.Cons.csproj", "{17C0E36E-C3B1-491B-9A9F-408A5F86A6A1}"
EndProject
Project("{FAE04EC0-301F-11D3-BF4B-00C04F79EFBC}") = "SixLetterWordChallenge.Core", "SixLetterWordChallenge.Core\SixLetterWordChallenge.Core.csproj", "{C3C301E9-1EAA-452B-B259-BA220A7105DB}"
EndProject
Global
	GlobalSection(SolutionConfigurationPlatforms) = preSolution
		Debug|Any CPU = Debug|Any CPU
		Release|Any CPU = Release|Any CPU
	EndGlobalSection
	GlobalSection(ProjectConfigurationPlatforms) = postSolution
		{17C0E36E-C3B1-491B-9A9F-408A5F86A6A1}.Debug|Any CPU.ActiveCfg = Debug|Any CPU
		{17C0E36E-C3B1-491B-9A9F-408A5F86A6A1}.Debug|Any CPU.Build.0 = Debug|Any CPU
		{17C0E36E-C3B1-491B-9A9F-408A5F86A6A1}.Release|Any CPU.ActiveCfg = Release|Any CPU
		{17C0E36E-C3B1-491B-9A9F-408A5F86A6A1}.Release|Any CPU.Build.0 = Release|Any CPU
		{C3C301E9-1EAA-452B-B259-BA220A7105DB}.Debug|Any CPU.ActiveCfg = Debug|Any CPU
		{C3C301E9-1EAA-452B-B259-BA220A7105DB}.Debug|Any CPU.Build.0 = Debug|Any CPU
		{C3C301E9-1EAA-452B-B259-BA220A7105DB}.Release|Any CPU.ActiveCfg = Release|Any CPU
		{C3C301E9-1EAA-452B-B259-BA220A7105DB}.Release|Any CPU.Build.0 = Release|Any CPU
	EndGlobalSection
	GlobalSection(SolutionProperties) = preSolution
		HideSolutionNode = FALSE
	EndGlobalSection
	GlobalSection(ExtensibilityGlobals) = postSolution
		SolutionGuid = {E6BA5238-D34A-41B9-9E69-8B33C3459BD4}
	EndGlobalSection
EndGlobal
